
Microsoft Visual Studio Solution File, Format Version 12.00
# Visual Studio Version 16
VisualStudioVersion = 16.0.29215.179
MinimumVisualStudioVersion = 10.0.40219.1
Project("{8BC9CEB8-8B4A-11D0-8D11-00A0C91BC942}") = "CyanEngine", "CyanEngine\CyanEngine.vcxproj", "{B9408B74-0812-49C8-968A-CED06E975BF8}"
EndProject
Project("{8BC9CEB8-8B4A-11D0-8D11-00A0C91BC942}") = "YellowProject", "YellowProject\YellowProject.vcxproj", "{159F6475-96DA-4ED4-A9EB-1973F4204ACE}"
	ProjectSection(ProjectDependencies) = postProject
		{B9408B74-0812-49C8-968A-CED06E975BF8} = {B9408B74-0812-49C8-968A-CED06E975BF8}
	EndProjectSection
EndProject
Project("{8BC9CEB8-8B4A-11D0-8D11-00A0C91BC942}") = "YellowServer", "YellowServer\YellowServer.vcxproj", "{360A139B-1425-4062-BB94-696AE79C38B4}"
EndProject
Global
	GlobalSection(SolutionConfigurationPlatforms) = preSolution
		Debug|x64 = Debug|x64
		Debug|x86 = Debug|x86
		Release|x64 = Release|x64
		Release|x86 = Release|x86
	EndGlobalSection
	GlobalSection(ProjectConfigurationPlatforms) = postSolution
		{B9408B74-0812-49C8-968A-CED06E975BF8}.Debug|x64.ActiveCfg = Debug|x64
		{B9408B74-0812-49C8-968A-CED06E975BF8}.Debug|x64.Build.0 = Debug|x64
		{B9408B74-0812-49C8-968A-CED06E975BF8}.Debug|x86.ActiveCfg = Debug|Win32
		{B9408B74-0812-49C8-968A-CED06E975BF8}.Debug|x86.Build.0 = Debug|Win32
		{B9408B74-0812-49C8-968A-CED06E975BF8}.Release|x64.ActiveCfg = Release|x64
		{B9408B74-0812-49C8-968A-CED06E975BF8}.Release|x64.Build.0 = Release|x64
		{B9408B74-0812-49C8-968A-CED06E975BF8}.Release|x86.ActiveCfg = Release|Win32
		{B9408B74-0812-49C8-968A-CED06E975BF8}.Release|x86.Build.0 = Release|Win32
		{159F6475-96DA-4ED4-A9EB-1973F4204ACE}.Debug|x64.ActiveCfg = Debug|x64
		{159F6475-96DA-4ED4-A9EB-1973F4204ACE}.Debug|x64.Build.0 = Debug|x64
		{159F6475-96DA-4ED4-A9EB-1973F4204ACE}.Debug|x86.ActiveCfg = Debug|Win32
		{159F6475-96DA-4ED4-A9EB-1973F4204ACE}.Debug|x86.Build.0 = Debug|Win32
		{159F6475-96DA-4ED4-A9EB-1973F4204ACE}.Release|x64.ActiveCfg = Release|x64
		{159F6475-96DA-4ED4-A9EB-1973F4204ACE}.Release|x64.Build.0 = Release|x64
		{159F6475-96DA-4ED4-A9EB-1973F4204ACE}.Release|x86.ActiveCfg = Release|Win32
		{159F6475-96DA-4ED4-A9EB-1973F4204ACE}.Release|x86.Build.0 = Release|Win32
		{360A139B-1425-4062-BB94-696AE79C38B4}.Debug|x64.ActiveCfg = Debug|x64
		{360A139B-1425-4062-BB94-696AE79C38B4}.Debug|x64.Build.0 = Debug|x64
		{360A139B-1425-4062-BB94-696AE79C38B4}.Debug|x86.ActiveCfg = Debug|Win32
		{360A139B-1425-4062-BB94-696AE79C38B4}.Debug|x86.Build.0 = Debug|Win32
		{360A139B-1425-4062-BB94-696AE79C38B4}.Release|x64.ActiveCfg = Release|x64
		{360A139B-1425-4062-BB94-696AE79C38B4}.Release|x64.Build.0 = Release|x64
		{360A139B-1425-4062-BB94-696AE79C38B4}.Release|x86.ActiveCfg = Release|Win32
		{360A139B-1425-4062-BB94-696AE79C38B4}.Release|x86.Build.0 = Release|Win32
	EndGlobalSection
	GlobalSection(SolutionProperties) = preSolution
		HideSolutionNode = FALSE
	EndGlobalSection
	GlobalSection(ExtensibilityGlobals) = postSolution
		SolutionGuid = {D20F3F56-6F6C-4AF4-87D4-0440C7EE9ED2}
	EndGlobalSection
EndGlobal
