<?xml version="1.0" encoding="utf-8"?>
<Project ToolsVersion="4.0" xmlns="http://schemas.microsoft.com/developer/msbuild/2003">
  <ItemGroup>
    <Filter Include="0_00_CyanEngine">
      <UniqueIdentifier>{d04c8d9f-49ee-4187-8688-f2126291bd4a}</UniqueIdentifier>
    </Filter>
    <Filter Include="0_00_CyanEngine\00_CyanFW">
      <UniqueIdentifier>{b57abeb9-d8b9-4cb0-8d31-57462a1ad71b}</UniqueIdentifier>
    </Filter>
    <Filter Include="0_00_CyanEngine\90_PATTERN">
      <UniqueIdentifier>{554ca85f-d882-4f3c-a855-931b01dcb805}</UniqueIdentifier>
    </Filter>
    <Filter Include="0_00_CyanEngine\00_CyanFW\01_PCH_AND_ETC">
      <UniqueIdentifier>{19228a0b-f471-4577-8d86-4b14d63b2187}</UniqueIdentifier>
    </Filter>
    <Filter Include="0_00_CyanEngine\01_Graphics">
      <UniqueIdentifier>{53165671-5924-414f-906b-b69e0320206a}</UniqueIdentifier>
    </Filter>
    <Filter Include="0_00_CyanEngine\10_Scene">
      <UniqueIdentifier>{5e94f02d-abe9-40c1-8c6f-ab72fc835ec2}</UniqueIdentifier>
    </Filter>
    <Filter Include="0_00_CyanEngine\20_Interface">
      <UniqueIdentifier>{01839377-33fb-4f77-ac2e-7c2ac006ab2a}</UniqueIdentifier>
    </Filter>
    <Filter Include="0_00_CyanEngine\11_Core">
      <UniqueIdentifier>{41597c93-ee10-4479-9512-8b498090fa31}</UniqueIdentifier>
    </Filter>
    <Filter Include="0_00_CyanEngine\21_Math">
      <UniqueIdentifier>{313f7dd9-1fd4-4eb5-8e59-978ecf9f1399}</UniqueIdentifier>
    </Filter>
    <Filter Include="0_00_CyanEngine\12_GraphicsComponent">
      <UniqueIdentifier>{088748de-42c3-4051-9b78-2bb77a8e8345}</UniqueIdentifier>
    </Filter>
    <Filter Include="0_00_CyanEngine\80_Util">
      <UniqueIdentifier>{36e54583-50fb-4e94-93e7-190ce2171208}</UniqueIdentifier>
    </Filter>
    <Filter Include="0_00_CyanEngine\13_UIComponent">
      <UniqueIdentifier>{ba054100-1a12-4802-8d8c-025fd495f8a9}</UniqueIdentifier>
    </Filter>
    <Filter Include="0_00_CyanEngine\14_FixedComponent">
      <UniqueIdentifier>{1b9adc8f-b973-44a8-87ab-9e9e73313bec}</UniqueIdentifier>
    </Filter>
    <Filter Include="0_00_CyanEngine\15_AniimationComponent">
      <UniqueIdentifier>{773acaf6-0d09-4543-809a-68c742a682c8}</UniqueIdentifier>
    </Filter>
    <Filter Include="0_00_CyanEngine\30_Mesh">
      <UniqueIdentifier>{c6a5e6c6-5702-463a-af85-cc74b835a3b8}</UniqueIdentifier>
    </Filter>
  </ItemGroup>
  <ItemGroup>
    <ClInclude Include="Scene.h">
      <Filter>0_00_CyanEngine\10_Scene</Filter>
    </ClInclude>
    <ClInclude Include="CyanFW.h">
      <Filter>0_00_CyanEngine\00_CyanFW</Filter>
    </ClInclude>
    <ClInclude Include="Object.h">
      <Filter>0_00_CyanEngine\11_Core</Filter>
    </ClInclude>
    <ClInclude Include="Component.h">
      <Filter>0_00_CyanEngine\11_Core</Filter>
    </ClInclude>
    <ClInclude Include="GameObject.h">
      <Filter>0_00_CyanEngine\11_Core</Filter>
    </ClInclude>
    <ClInclude Include="Singleton.h">
      <Filter>0_00_CyanEngine\90_PATTERN</Filter>
    </ClInclude>
    <ClInclude Include="Transform.h">
      <Filter>0_00_CyanEngine\14_FixedComponent</Filter>
    </ClInclude>
    <ClInclude Include="Vector3.h">
      <Filter>0_00_CyanEngine\21_Math</Filter>
    </ClInclude>
    <ClInclude Include="Terrain.h">
      <Filter>0_00_CyanEngine\14_FixedComponent</Filter>
    </ClInclude>
    <ClInclude Include="MonoBehavior.h">
      <Filter>0_00_CyanEngine\11_Core</Filter>
    </ClInclude>
    <ClInclude Include="Input.h">
      <Filter>0_00_CyanEngine\20_Interface</Filter>
    </ClInclude>
    <ClInclude Include="Random.h">
      <Filter>0_00_CyanEngine\20_Interface</Filter>
    </ClInclude>
    <ClInclude Include="Time.h">
      <Filter>0_00_CyanEngine\20_Interface</Filter>
    </ClInclude>
    <ClInclude Include="Collider.h">
      <Filter>0_00_CyanEngine\14_FixedComponent</Filter>
    </ClInclude>
    <ClInclude Include="BoxCollider.h">
      <Filter>0_00_CyanEngine\14_FixedComponent</Filter>
    </ClInclude>
    <ClInclude Include="DDSTextureLoader12.h">
      <Filter>0_00_CyanEngine\80_Util</Filter>
    </ClInclude>
    <ClInclude Include="SphereCollider.h">
      <Filter>0_00_CyanEngine\14_FixedComponent</Filter>
    </ClInclude>
    <ClInclude Include="Debug.h">
      <Filter>0_00_CyanEngine\20_Interface</Filter>
    </ClInclude>
    <ClInclude Include="framework.h">
      <Filter>0_00_CyanEngine\00_CyanFW\01_PCH_AND_ETC</Filter>
    </ClInclude>
    <ClInclude Include="pch.h">
      <Filter>0_00_CyanEngine\00_CyanFW\01_PCH_AND_ETC</Filter>
    </ClInclude>
    <ClInclude Include="scripts.h">
      <Filter>0_00_CyanEngine\00_CyanFW\01_PCH_AND_ETC</Filter>
    </ClInclude>
    <ClInclude Include="Meshs.h">
      <Filter>0_00_CyanEngine\30_Mesh</Filter>
    </ClInclude>
    <ClInclude Include="Mesh.h">
      <Filter>0_00_CyanEngine\30_Mesh</Filter>
    </ClInclude>
    <ClInclude Include="CyanApp.h">
      <Filter>0_00_CyanEngine\00_CyanFW</Filter>
    </ClInclude>
    <ClInclude Include="Material.h">
      <Filter>0_00_CyanEngine\11_Core</Filter>
    </ClInclude>
    <ClInclude Include="Graphics.h">
      <Filter>0_00_CyanEngine\01_Graphics</Filter>
    </ClInclude>
    <ClInclude Include="FbxLoader.h">
      <Filter>0_00_CyanEngine\01_Graphics</Filter>
    </ClInclude>
    <ClInclude Include="Renderer.h">
      <Filter>0_00_CyanEngine\12_GraphicsComponent</Filter>
    </ClInclude>
    <ClInclude Include="MeshFilter.h">
      <Filter>0_00_CyanEngine\12_GraphicsComponent</Filter>
    </ClInclude>
    <ClInclude Include="Camera.h">
      <Filter>0_00_CyanEngine\12_GraphicsComponent</Filter>
    </ClInclude>
    <ClInclude Include="SkinnedMeshRenderer.h">
      <Filter>0_00_CyanEngine\12_GraphicsComponent</Filter>
    </ClInclude>
    <ClInclude Include="GeometryGenerator.h">
      <Filter>0_00_CyanEngine\12_GraphicsComponent</Filter>
    </ClInclude>
    <ClInclude Include="UploadBuffer.h">
      <Filter>0_00_CyanEngine\80_Util</Filter>
    </ClInclude>
    <ClInclude Include="d3dUtil.h">
      <Filter>0_00_CyanEngine\80_Util</Filter>
    </ClInclude>
    <ClInclude Include="DDSTextureLoader.h">
      <Filter>0_00_CyanEngine\80_Util</Filter>
    </ClInclude>
    <ClInclude Include="MathHelper.h">
      <Filter>0_00_CyanEngine\80_Util</Filter>
    </ClInclude>
    <ClInclude Include="ShadowMap.h" />
    <ClInclude Include="FrameResource.h">
      <Filter>0_00_CyanEngine\01_Graphics</Filter>
    </ClInclude>
    <ClInclude Include="Image.h">
      <Filter>0_00_CyanEngine\13_UIComponent</Filter>
    </ClInclude>
    <ClInclude Include="Text.h">
      <Filter>0_00_CyanEngine\13_UIComponent</Filter>
    </ClInclude>
    <ClInclude Include="RectTransform.h">
      <Filter>0_00_CyanEngine\13_UIComponent</Filter>
    </ClInclude>
    <ClInclude Include="Animator.h">
      <Filter>0_00_CyanEngine\15_AniimationComponent</Filter>
    </ClInclude>
    <ClInclude Include="AnimatorController.h">
      <Filter>0_00_CyanEngine\15_AniimationComponent</Filter>
    </ClInclude>
    <ClInclude Include="Button.h">
      <Filter>0_00_CyanEngine\13_UIComponent</Filter>
    </ClInclude>
    <ClInclude Include="SceneManager.h">
      <Filter>0_00_CyanEngine\10_Scene</Filter>
    </ClInclude>
    <ClInclude Include="Matrix4x4.h">
      <Filter>0_00_CyanEngine\21_Math</Filter>
    </ClInclude>
    <ClInclude Include="ParticleSystem.h">
      <Filter>0_00_CyanEngine\12_GraphicsComponent</Filter>
    </ClInclude>
    <ClInclude Include="ObjectRenderManager.h">
      <Filter>0_00_CyanEngine\10_Scene</Filter>
    </ClInclude>
  </ItemGroup>
  <ItemGroup>
    <ClCompile Include="Scene.cpp">
      <Filter>0_00_CyanEngine\10_Scene</Filter>
    </ClCompile>
    <ClCompile Include="CyanFW.cpp">
      <Filter>0_00_CyanEngine\00_CyanFW</Filter>
    </ClCompile>
    <ClCompile Include="Object.cpp">
      <Filter>0_00_CyanEngine\11_Core</Filter>
    </ClCompile>
    <ClCompile Include="Component.cpp">
      <Filter>0_00_CyanEngine\11_Core</Filter>
    </ClCompile>
    <ClCompile Include="GameObject.cpp">
      <Filter>0_00_CyanEngine\11_Core</Filter>
    </ClCompile>
    <ClCompile Include="Singleton.cpp">
      <Filter>0_00_CyanEngine\90_PATTERN</Filter>
    </ClCompile>
    <ClCompile Include="Terrain.cpp">
      <Filter>0_00_CyanEngine\14_FixedComponent</Filter>
    </ClCompile>
    <ClCompile Include="Input.cpp">
      <Filter>0_00_CyanEngine\20_Interface</Filter>
    </ClCompile>
    <ClCompile Include="Random.cpp">
      <Filter>0_00_CyanEngine\20_Interface</Filter>
    </ClCompile>
    <ClCompile Include="Time.cpp">
      <Filter>0_00_CyanEngine\20_Interface</Filter>
    </ClCompile>
    <ClCompile Include="Collider.cpp">
      <Filter>0_00_CyanEngine\14_FixedComponent</Filter>
    </ClCompile>
    <ClCompile Include="BoxCollider.cpp">
      <Filter>0_00_CyanEngine\14_FixedComponent</Filter>
    </ClCompile>
    <ClCompile Include="DDSTextureLoader12.cpp">
      <Filter>0_00_CyanEngine\80_Util</Filter>
    </ClCompile>
    <ClCompile Include="SphereCollider.cpp">
      <Filter>0_00_CyanEngine\14_FixedComponent</Filter>
    </ClCompile>
    <ClCompile Include="Debug.cpp">
      <Filter>0_00_CyanEngine\20_Interface</Filter>
    </ClCompile>
    <ClCompile Include="pch.cpp">
      <Filter>0_00_CyanEngine\00_CyanFW\01_PCH_AND_ETC</Filter>
    </ClCompile>
    <ClCompile Include="framework.cpp">
      <Filter>0_00_CyanEngine\00_CyanFW\01_PCH_AND_ETC</Filter>
    </ClCompile>
    <ClCompile Include="Meshs.cpp">
      <Filter>0_00_CyanEngine\30_Mesh</Filter>
    </ClCompile>
    <ClCompile Include="Mesh.cpp">
      <Filter>0_00_CyanEngine\30_Mesh</Filter>
    </ClCompile>
    <ClCompile Include="CyanApp.cpp">
      <Filter>0_00_CyanEngine\00_CyanFW</Filter>
    </ClCompile>
    <ClCompile Include="Graphics.cpp">
      <Filter>0_00_CyanEngine\01_Graphics</Filter>
    </ClCompile>
    <ClCompile Include="FbxLoader.cpp">
      <Filter>0_00_CyanEngine\01_Graphics</Filter>
    </ClCompile>
    <ClCompile Include="Renderer.cpp">
      <Filter>0_00_CyanEngine\12_GraphicsComponent</Filter>
    </ClCompile>
    <ClCompile Include="Camera.cpp">
      <Filter>0_00_CyanEngine\12_GraphicsComponent</Filter>
    </ClCompile>
    <ClCompile Include="GeometryGenerator.cpp">
      <Filter>0_00_CyanEngine\12_GraphicsComponent</Filter>
    </ClCompile>
    <ClCompile Include="d3dUtil.cpp">
      <Filter>0_00_CyanEngine\80_Util</Filter>
    </ClCompile>
    <ClCompile Include="DDSTextureLoader.cpp">
      <Filter>0_00_CyanEngine\80_Util</Filter>
    </ClCompile>
    <ClCompile Include="MathHelper.cpp">
      <Filter>0_00_CyanEngine\80_Util</Filter>
    </ClCompile>
    <ClCompile Include="ShadowMap.cpp" />
    <ClCompile Include="FrameResource.cpp">
      <Filter>0_00_CyanEngine\01_Graphics</Filter>
    </ClCompile>
    <ClCompile Include="AnimatorController.cpp">
      <Filter>0_00_CyanEngine\15_AniimationComponent</Filter>
    </ClCompile>
    <ClCompile Include="SceneManager.cpp">
      <Filter>0_00_CyanEngine\10_Scene</Filter>
    </ClCompile>
    <ClCompile Include="Vector3.cpp">
      <Filter>0_00_CyanEngine\21_Math</Filter>
    </ClCompile>
    <ClCompile Include="ParticleSystem.cpp">
      <Filter>0_00_CyanEngine\12_GraphicsComponent</Filter>
    </ClCompile>
    <ClCompile Include="ObjectRenderManager.cpp">
      <Filter>0_00_CyanEngine\10_Scene</Filter>
    </ClCompile>
  </ItemGroup>
</Project>