<?xml version="1.0" encoding="utf-8"?>
<Project ToolsVersion="4.0" xmlns="http://schemas.microsoft.com/developer/msbuild/2003">
  <ItemGroup>
    <Filter Include="0_00_CyanEngine">
      <UniqueIdentifier>{d04c8d9f-49ee-4187-8688-f2126291bd4a}</UniqueIdentifier>
    </Filter>
    <Filter Include="0_00_CyanEngine\00_CyanFW">
      <UniqueIdentifier>{b57abeb9-d8b9-4cb0-8d31-57462a1ad71b}</UniqueIdentifier>
    </Filter>
    <Filter Include="0_00_CyanEngine\10_CORE">
      <UniqueIdentifier>{41597c93-ee10-4479-9512-8b498090fa31}</UniqueIdentifier>
    </Filter>
    <Filter Include="0_00_CyanEngine\20_Scene">
      <UniqueIdentifier>{5e94f02d-abe9-40c1-8c6f-ab72fc835ec2}</UniqueIdentifier>
    </Filter>
    <Filter Include="0_00_CyanEngine\90_PATTERN">
      <UniqueIdentifier>{554ca85f-d882-4f3c-a855-931b01dcb805}</UniqueIdentifier>
    </Filter>
    <Filter Include="0_00_CyanEngine\41_Components">
      <UniqueIdentifier>{1b9adc8f-b973-44a8-87ab-9e9e73313bec}</UniqueIdentifier>
    </Filter>
    <Filter Include="0_00_CyanEngine\43_Meshes">
      <UniqueIdentifier>{c6a5e6c6-5702-463a-af85-cc74b835a3b8}</UniqueIdentifier>
    </Filter>
    <Filter Include="0_00_CyanEngine\42_Shaders">
      <UniqueIdentifier>{7313cc05-a652-4fa9-b69f-282b1453c34f}</UniqueIdentifier>
    </Filter>
    <Filter Include="0_00_CyanEngine\44_Materials">
      <UniqueIdentifier>{4a8d17c5-8389-46f3-ae1d-c3f8c7abc368}</UniqueIdentifier>
    </Filter>
    <Filter Include="0_00_CyanEngine\30_Manager">
      <UniqueIdentifier>{49fd7a77-e251-4134-81a5-4118fe56c241}</UniqueIdentifier>
    </Filter>
    <Filter Include="0_00_CyanEngine\11_Interface">
      <UniqueIdentifier>{01839377-33fb-4f77-ac2e-7c2ac006ab2a}</UniqueIdentifier>
    </Filter>
    <Filter Include="0_00_CyanEngine\12_Math">
      <UniqueIdentifier>{313f7dd9-1fd4-4eb5-8e59-978ecf9f1399}</UniqueIdentifier>
    </Filter>
    <Filter Include="0_00_CyanEngine\10_CORE\11_Renderer">
      <UniqueIdentifier>{4117e4f1-5a33-4f36-85ec-d80a257d48ee}</UniqueIdentifier>
    </Filter>
    <Filter Include="1_00_YellowProject">
      <UniqueIdentifier>{6278fbf3-a6b9-4bd0-90e5-e0469395c962}</UniqueIdentifier>
    </Filter>
    <Filter Include="1_00_YellowProject\00_Scene">
      <UniqueIdentifier>{9e10db84-6f52-4402-a5d4-909d396d3ce8}</UniqueIdentifier>
    </Filter>
    <Filter Include="1_00_YellowProject\10_Scripts">
      <UniqueIdentifier>{8a066a5c-fd82-4600-881a-762e61d9436a}</UniqueIdentifier>
    </Filter>
    <Filter Include="1_00_YellowProject\10_Scripts\11_Form">
      <UniqueIdentifier>{1acdfba3-2a73-4300-801d-621662c8d63e}</UniqueIdentifier>
    </Filter>
    <Filter Include="shaders">
      <UniqueIdentifier>{761e2aee-8ba3-4d70-ae2b-b8ae022c7bcf}</UniqueIdentifier>
    </Filter>
    <Filter Include="0_00_CyanEngine\80_API">
      <UniqueIdentifier>{36e54583-50fb-4e94-93e7-190ce2171208}</UniqueIdentifier>
    </Filter>
    <Filter Include="0_00_CyanEngine\00_CyanFW\01_PCH_AND_ETC">
      <UniqueIdentifier>{19228a0b-f471-4577-8d86-4b14d63b2187}</UniqueIdentifier>
    </Filter>
    <Filter Include="shaders\older">
      <UniqueIdentifier>{8c041714-154e-44f0-a198-dae01265649a}</UniqueIdentifier>
    </Filter>
  </ItemGroup>
  <ItemGroup>
    <ClInclude Include="Scene.h">
      <Filter>0_00_CyanEngine\20_Scene</Filter>
    </ClInclude>
    <ClInclude Include="CyanFW.h">
      <Filter>0_00_CyanEngine\00_CyanFW</Filter>
    </ClInclude>
    <ClInclude Include="Object.h">
      <Filter>0_00_CyanEngine\10_CORE</Filter>
    </ClInclude>
    <ClInclude Include="Component.h">
      <Filter>0_00_CyanEngine\10_CORE</Filter>
    </ClInclude>
    <ClInclude Include="GameObject.h">
      <Filter>0_00_CyanEngine\10_CORE</Filter>
    </ClInclude>
    <ClInclude Include="RendererManager.h">
      <Filter>0_00_CyanEngine\30_Manager</Filter>
    </ClInclude>
    <ClInclude Include="ShaderManager.h">
      <Filter>0_00_CyanEngine\30_Manager</Filter>
    </ClInclude>
    <ClInclude Include="Singleton.h">
      <Filter>0_00_CyanEngine\90_PATTERN</Filter>
    </ClInclude>
    <ClInclude Include="MeshFilter.h">
      <Filter>0_00_CyanEngine\41_Components</Filter>
    </ClInclude>
    <ClInclude Include="DefaultMaterial.h">
      <Filter>0_00_CyanEngine\44_Materials</Filter>
    </ClInclude>
    <ClInclude Include="Transform.h">
      <Filter>0_00_CyanEngine\41_Components</Filter>
    </ClInclude>
    <ClInclude Include="Renderer.h">
      <Filter>0_00_CyanEngine\41_Components</Filter>
    </ClInclude>
    <ClInclude Include="Camera.h">
      <Filter>0_00_CyanEngine\41_Components</Filter>
    </ClInclude>
    <ClInclude Include="RotatingBehavior.h">
      <Filter>1_00_YellowProject\10_Scripts</Filter>
    </ClInclude>
    <ClInclude Include="SceneManager.h">
      <Filter>1_00_YellowProject\10_Scripts</Filter>
    </ClInclude>
    <ClInclude Include="ScriptForm.h">
      <Filter>1_00_YellowProject\10_Scripts\11_Form</Filter>
    </ClInclude>
    <ClInclude Include="Vector3.h">
      <Filter>0_00_CyanEngine\12_Math</Filter>
    </ClInclude>
    <ClInclude Include="MovingBehavior.h">
      <Filter>1_00_YellowProject\10_Scripts</Filter>
    </ClInclude>
    <ClInclude Include="Vertex.h">
      <Filter>0_00_CyanEngine\43_Meshes</Filter>
    </ClInclude>
    <ClInclude Include="Terrain.h">
      <Filter>0_00_CyanEngine\41_Components</Filter>
    </ClInclude>
    <ClInclude Include="MonoBehavior.h">
      <Filter>0_00_CyanEngine\10_CORE</Filter>
    </ClInclude>
    <ClInclude Include="ModelManager.h">
      <Filter>0_00_CyanEngine\30_Manager</Filter>
    </ClInclude>
    <ClInclude Include="Input.h">
      <Filter>0_00_CyanEngine\11_Interface</Filter>
    </ClInclude>
    <ClInclude Include="Random.h">
      <Filter>0_00_CyanEngine\11_Interface</Filter>
    </ClInclude>
    <ClInclude Include="Time.h">
      <Filter>0_00_CyanEngine\11_Interface</Filter>
    </ClInclude>
    <ClInclude Include="Collider.h">
      <Filter>0_00_CyanEngine\41_Components</Filter>
    </ClInclude>
    <ClInclude Include="BoxCollider.h">
      <Filter>0_00_CyanEngine\41_Components</Filter>
    </ClInclude>
    <ClInclude Include="DDSTextureLoader12.h">
      <Filter>0_00_CyanEngine\80_API</Filter>
    </ClInclude>
    <ClInclude Include="ObjectManager.h">
      <Filter>0_00_CyanEngine\30_Manager</Filter>
    </ClInclude>
    <ClInclude Include="SphereCollider.h">
      <Filter>0_00_CyanEngine\41_Components</Filter>
    </ClInclude>
    <ClInclude Include="Material.h">
      <Filter>0_00_CyanEngine\10_CORE\11_Renderer</Filter>
    </ClInclude>
    <ClInclude Include="Controller.h">
      <Filter>1_00_YellowProject\10_Scripts</Filter>
    </ClInclude>
    <ClInclude Include="Shader.h">
      <Filter>0_00_CyanEngine\42_Shaders</Filter>
    </ClInclude>
    <ClInclude Include="Debug.h">
      <Filter>0_00_CyanEngine\11_Interface</Filter>
    </ClInclude>
    <ClInclude Include="StandardShader.h">
      <Filter>0_00_CyanEngine\42_Shaders</Filter>
    </ClInclude>
    <ClInclude Include="TextureShader.h">
      <Filter>0_00_CyanEngine\42_Shaders</Filter>
    </ClInclude>
    <ClInclude Include="Wave.h">
      <Filter>1_00_YellowProject\10_Scripts</Filter>
    </ClInclude>
    <ClInclude Include="FBX_TEST.h">
      <Filter>1_00_YellowProject\10_Scripts</Filter>
    </ClInclude>
    <ClInclude Include="framework.h">
      <Filter>0_00_CyanEngine\00_CyanFW\01_PCH_AND_ETC</Filter>
    </ClInclude>
    <ClInclude Include="pch.h">
      <Filter>0_00_CyanEngine\00_CyanFW\01_PCH_AND_ETC</Filter>
    </ClInclude>
    <ClInclude Include="scripts.h">
      <Filter>0_00_CyanEngine\00_CyanFW\01_PCH_AND_ETC</Filter>
    </ClInclude>
    <ClInclude Include="RotorBehavior.h">
      <Filter>1_00_YellowProject\10_Scripts</Filter>
    </ClInclude>
    <ClInclude Include="CTexture.h">
      <Filter>0_00_CyanEngine\44_Materials</Filter>
    </ClInclude>
    <ClInclude Include="Geometry.h">
      <Filter>0_00_CyanEngine\43_Meshes</Filter>
    </ClInclude>
    <ClInclude Include="Meshs.h">
      <Filter>0_00_CyanEngine\43_Meshes</Filter>
    </ClInclude>
    <ClInclude Include="Mesh.h">
      <Filter>0_00_CyanEngine\43_Meshes</Filter>
    </ClInclude>
    <ClInclude Include="CyanApp.h">
      <Filter>0_00_CyanEngine\00_CyanFW</Filter>
    </ClInclude>
    <ClInclude Include="UploadBuffer.h" />
    <ClInclude Include="d3dUtil.h" />
    <ClInclude Include="GeometryGenerator.h" />
  </ItemGroup>
  <ItemGroup>
    <ClCompile Include="Scene.cpp">
      <Filter>0_00_CyanEngine\20_Scene</Filter>
    </ClCompile>
    <ClCompile Include="CyanFW.cpp">
      <Filter>0_00_CyanEngine\00_CyanFW</Filter>
    </ClCompile>
    <ClCompile Include="Object.cpp">
      <Filter>0_00_CyanEngine\10_CORE</Filter>
    </ClCompile>
    <ClCompile Include="Component.cpp">
      <Filter>0_00_CyanEngine\10_CORE</Filter>
    </ClCompile>
    <ClCompile Include="GameObject.cpp">
      <Filter>0_00_CyanEngine\10_CORE</Filter>
    </ClCompile>
    <ClCompile Include="RendererManager.cpp">
      <Filter>0_00_CyanEngine\30_Manager</Filter>
    </ClCompile>
    <ClCompile Include="ShaderManager.cpp">
      <Filter>0_00_CyanEngine\30_Manager</Filter>
    </ClCompile>
    <ClCompile Include="Singleton.cpp">
      <Filter>0_00_CyanEngine\90_PATTERN</Filter>
    </ClCompile>
    <ClCompile Include="MeshFilter.cpp">
      <Filter>0_00_CyanEngine\41_Components</Filter>
    </ClCompile>
    <ClCompile Include="DefaultMaterial.cpp">
      <Filter>0_00_CyanEngine\44_Materials</Filter>
    </ClCompile>
    <ClCompile Include="Transform.cpp">
      <Filter>0_00_CyanEngine\41_Components</Filter>
    </ClCompile>
    <ClCompile Include="Renderer.cpp">
      <Filter>0_00_CyanEngine\41_Components</Filter>
    </ClCompile>
    <ClCompile Include="Camera.cpp">
      <Filter>0_00_CyanEngine\41_Components</Filter>
    </ClCompile>
    <ClCompile Include="Terrain.cpp">
      <Filter>0_00_CyanEngine\41_Components</Filter>
    </ClCompile>
    <ClCompile Include="ModelManager.cpp">
      <Filter>0_00_CyanEngine\30_Manager</Filter>
    </ClCompile>
    <ClCompile Include="Input.cpp">
      <Filter>0_00_CyanEngine\11_Interface</Filter>
    </ClCompile>
    <ClCompile Include="Random.cpp">
      <Filter>0_00_CyanEngine\11_Interface</Filter>
    </ClCompile>
    <ClCompile Include="Time.cpp">
      <Filter>0_00_CyanEngine\11_Interface</Filter>
    </ClCompile>
    <ClCompile Include="Collider.cpp">
      <Filter>0_00_CyanEngine\41_Components</Filter>
    </ClCompile>
    <ClCompile Include="BoxCollider.cpp">
      <Filter>0_00_CyanEngine\41_Components</Filter>
    </ClCompile>
    <ClCompile Include="DDSTextureLoader12.cpp">
      <Filter>0_00_CyanEngine\80_API</Filter>
    </ClCompile>
    <ClCompile Include="ObjectManager.cpp">
      <Filter>0_00_CyanEngine\30_Manager</Filter>
    </ClCompile>
    <ClCompile Include="SphereCollider.cpp">
      <Filter>0_00_CyanEngine\41_Components</Filter>
    </ClCompile>
    <ClCompile Include="Material.cpp">
      <Filter>0_00_CyanEngine\10_CORE\11_Renderer</Filter>
    </ClCompile>
    <ClCompile Include="Shader.cpp">
      <Filter>0_00_CyanEngine\42_Shaders</Filter>
    </ClCompile>
    <ClCompile Include="Debug.cpp">
      <Filter>0_00_CyanEngine\11_Interface</Filter>
    </ClCompile>
    <ClCompile Include="StandardShader.cpp">
      <Filter>0_00_CyanEngine\42_Shaders</Filter>
    </ClCompile>
    <ClCompile Include="TextureShader.cpp">
      <Filter>0_00_CyanEngine\42_Shaders</Filter>
    </ClCompile>
    <ClCompile Include="pch.cpp">
      <Filter>0_00_CyanEngine\00_CyanFW\01_PCH_AND_ETC</Filter>
    </ClCompile>
    <ClCompile Include="framework.cpp">
      <Filter>0_00_CyanEngine\00_CyanFW\01_PCH_AND_ETC</Filter>
    </ClCompile>
    <ClCompile Include="CTexture.cpp">
      <Filter>0_00_CyanEngine\44_Materials</Filter>
    </ClCompile>
    <ClCompile Include="Geometry.cpp">
      <Filter>0_00_CyanEngine\43_Meshes</Filter>
    </ClCompile>
    <ClCompile Include="Meshs.cpp">
      <Filter>0_00_CyanEngine\43_Meshes</Filter>
    </ClCompile>
    <ClCompile Include="Mesh.cpp">
      <Filter>0_00_CyanEngine\43_Meshes</Filter>
    </ClCompile>
    <ClCompile Include="CyanApp.cpp">
      <Filter>0_00_CyanEngine\00_CyanFW</Filter>
    </ClCompile>
    <ClCompile Include="d3dUtil.cpp" />
    <ClCompile Include="GeometryGenerator.cpp" />
  </ItemGroup>
  <ItemGroup>
    <FxCompile Include="Texture.hlsl">
      <Filter>shaders\older</Filter>
    </FxCompile>
    <FxCompile Include="Billboard.hlsl">
      <Filter>shaders\older</Filter>
    </FxCompile>
    <FxCompile Include="Light.hlsl">
      <Filter>shaders\older</Filter>
    </FxCompile>
    <FxCompile Include="Lighting.hlsl">
      <Filter>shaders\older</Filter>
    </FxCompile>
    <FxCompile Include="Shaders.hlsl">
      <Filter>shaders\older</Filter>
    </FxCompile>
    <FxCompile Include="Standard.hlsl">
      <Filter>shaders\older</Filter>
    </FxCompile>
    <FxCompile Include="Terrain.hlsl">
      <Filter>shaders\older</Filter>
    </FxCompile>
    <FxCompile Include="Shaders\shaders.hlsl">
      <Filter>shaders</Filter>
    </FxCompile>
  </ItemGroup>
</Project>